
Microsoft Visual Studio Solution File, Format Version 12.00
# Visual Studio Version 16
VisualStudioVersion = 16.0.30621.155
MinimumVisualStudioVersion = 10.0.40219.1
Project("{FAE04EC0-301F-11D3-BF4B-00C04F79EFBC}") = "Week1Challenge", "Week1Challenge\Week1Challenge.csproj", "{C9D767D8-195E-4AAD-B8D2-00E01E86CB66}"
EndProject
Global
	GlobalSection(SolutionConfigurationPlatforms) = preSolution
		Debug|Any CPU = Debug|Any CPU
		Release|Any CPU = Release|Any CPU
	EndGlobalSection
	GlobalSection(ProjectConfigurationPlatforms) = postSolution
		{C9D767D8-195E-4AAD-B8D2-00E01E86CB66}.Debug|Any CPU.ActiveCfg = Debug|Any CPU
		{C9D767D8-195E-4AAD-B8D2-00E01E86CB66}.Debug|Any CPU.Build.0 = Debug|Any CPU
		{C9D767D8-195E-4AAD-B8D2-00E01E86CB66}.Release|Any CPU.ActiveCfg = Release|Any CPU
		{C9D767D8-195E-4AAD-B8D2-00E01E86CB66}.Release|Any CPU.Build.0 = Release|Any CPU
	EndGlobalSection
	GlobalSection(SolutionProperties) = preSolution
		HideSolutionNode = FALSE
	EndGlobalSection
	GlobalSection(ExtensibilityGlobals) = postSolution
		SolutionGuid = {44FBB338-5827-44E0-968B-2D14733A3D07}
	EndGlobalSection
EndGlobal
